
Microsoft Visual Studio Solution File, Format Version 12.00
# Visual Studio Version 17
VisualStudioVersion = 17.8.34227.203
MinimumVisualStudioVersion = 10.0.40219.1
Project("{FAE04EC0-301F-11D3-BF4B-00C04F79EFBC}") = "TheElevatorApp", "The ElevatorApp\TheElevatorApp.csproj", "{DDF0E8E2-6673-4C1E-8C1B-F48362D089F3}"
EndProject
Project("{FAE04EC0-301F-11D3-BF4B-00C04F79EFBC}") = "TheElevatorApp.Test", "TheElevatorApp.Test\TheElevatorApp.Test.csproj", "{38D817B1-E0B0-41C2-BB4E-DA006EBD10EE}"
EndProject
Global
	GlobalSection(SolutionConfigurationPlatforms) = preSolution
		Debug|Any CPU = Debug|Any CPU
		Release|Any CPU = Release|Any CPU
	EndGlobalSection
	GlobalSection(ProjectConfigurationPlatforms) = postSolution
		{DDF0E8E2-6673-4C1E-8C1B-F48362D089F3}.Debug|Any CPU.ActiveCfg = Debug|Any CPU
		{DDF0E8E2-6673-4C1E-8C1B-F48362D089F3}.Debug|Any CPU.Build.0 = Debug|Any CPU
		{DDF0E8E2-6673-4C1E-8C1B-F48362D089F3}.Release|Any CPU.ActiveCfg = Release|Any CPU
		{DDF0E8E2-6673-4C1E-8C1B-F48362D089F3}.Release|Any CPU.Build.0 = Release|Any CPU
		{38D817B1-E0B0-41C2-BB4E-DA006EBD10EE}.Debug|Any CPU.ActiveCfg = Debug|Any CPU
		{38D817B1-E0B0-41C2-BB4E-DA006EBD10EE}.Debug|Any CPU.Build.0 = Debug|Any CPU
		{38D817B1-E0B0-41C2-BB4E-DA006EBD10EE}.Release|Any CPU.ActiveCfg = Release|Any CPU
		{38D817B1-E0B0-41C2-BB4E-DA006EBD10EE}.Release|Any CPU.Build.0 = Release|Any CPU
	EndGlobalSection
	GlobalSection(SolutionProperties) = preSolution
		HideSolutionNode = FALSE
	EndGlobalSection
	GlobalSection(ExtensibilityGlobals) = postSolution
		SolutionGuid = {AA17CA70-D3C1-47BF-B2E8-2B874B933445}
	EndGlobalSection
EndGlobal
